// !$*UTF8*$!
{
	archiveVersion = 1;
	classes = {
	};
	objectVersion = 50;
	objects = {

/* Begin PBXBuildFile section */
		66F91CC313104A88B853F15F /* Pods_GM_ExerciseTests.framework in Frameworks */ = {isa = PBXBuildFile; fileRef = 5F2890AB0DDF6601127929CE /* Pods_GM_ExerciseTests.framework */; };
		B1FFC87D25A1417D00CA6E4D /* AppDelegate.swift in Sources */ = {isa = PBXBuildFile; fileRef = B1FFC87C25A1417D00CA6E4D /* AppDelegate.swift */; };
		B1FFC87F25A1417D00CA6E4D /* SceneDelegate.swift in Sources */ = {isa = PBXBuildFile; fileRef = B1FFC87E25A1417D00CA6E4D /* SceneDelegate.swift */; };
		B1FFC88125A1417D00CA6E4D /* ViewController.swift in Sources */ = {isa = PBXBuildFile; fileRef = B1FFC88025A1417D00CA6E4D /* ViewController.swift */; };
		B1FFC88425A1417D00CA6E4D /* Main.storyboard in Resources */ = {isa = PBXBuildFile; fileRef = B1FFC88225A1417D00CA6E4D /* Main.storyboard */; };
		B1FFC88625A1417F00CA6E4D /* Assets.xcassets in Resources */ = {isa = PBXBuildFile; fileRef = B1FFC88525A1417F00CA6E4D /* Assets.xcassets */; };
		B1FFC88925A1417F00CA6E4D /* LaunchScreen.storyboard in Resources */ = {isa = PBXBuildFile; fileRef = B1FFC88725A1417F00CA6E4D /* LaunchScreen.storyboard */; };
		B1FFC89425A1418000CA6E4D /* GM_ExerciseTests.swift in Sources */ = {isa = PBXBuildFile; fileRef = B1FFC89325A1418000CA6E4D /* GM_ExerciseTests.swift */; };
		B1FFC89F25A1418000CA6E4D /* GM_ExerciseUITests.swift in Sources */ = {isa = PBXBuildFile; fileRef = B1FFC89E25A1418000CA6E4D /* GM_ExerciseUITests.swift */; };
		B1FFC8B325A15A9100CA6E4D /* CommitCell.swift in Sources */ = {isa = PBXBuildFile; fileRef = B1FFC8B225A15A9100CA6E4D /* CommitCell.swift */; };
		DE3BE0200BBF6FC279FD04FF /* Pods_GM_Exercise_GM_ExerciseUITests.framework in Frameworks */ = {isa = PBXBuildFile; fileRef = 1A80C2EA941FB56490E86FBE /* Pods_GM_Exercise_GM_ExerciseUITests.framework */; };
		E788540E619C96EEDD495B9C /* Pods_GM_Exercise.framework in Frameworks */ = {isa = PBXBuildFile; fileRef = 22A42EB5B32D93BF0AE316DC /* Pods_GM_Exercise.framework */; };
/* End PBXBuildFile section */

/* Begin PBXContainerItemProxy section */
		B1FFC89025A1418000CA6E4D /* PBXContainerItemProxy */ = {
			isa = PBXContainerItemProxy;
			containerPortal = B1FFC87125A1417D00CA6E4D /* Project object */;
			proxyType = 1;
			remoteGlobalIDString = B1FFC87825A1417D00CA6E4D;
			remoteInfo = "GM Exercise";
		};
		B1FFC89B25A1418000CA6E4D /* PBXContainerItemProxy */ = {
			isa = PBXContainerItemProxy;
			containerPortal = B1FFC87125A1417D00CA6E4D /* Project object */;
			proxyType = 1;
			remoteGlobalIDString = B1FFC87825A1417D00CA6E4D;
			remoteInfo = "GM Exercise";
		};
/* End PBXContainerItemProxy section */

/* Begin PBXFileReference section */
		0655D77C6826E4B682478E10 /* Pods-GM ExerciseTests.debug.xcconfig */ = {isa = PBXFileReference; includeInIndex = 1; lastKnownFileType = text.xcconfig; name = "Pods-GM ExerciseTests.debug.xcconfig"; path = "Target Support Files/Pods-GM ExerciseTests/Pods-GM ExerciseTests.debug.xcconfig"; sourceTree = "<group>"; };
		1A80C2EA941FB56490E86FBE /* Pods_GM_Exercise_GM_ExerciseUITests.framework */ = {isa = PBXFileReference; explicitFileType = wrapper.framework; includeInIndex = 0; path = Pods_GM_Exercise_GM_ExerciseUITests.framework; sourceTree = BUILT_PRODUCTS_DIR; };
		22A42EB5B32D93BF0AE316DC /* Pods_GM_Exercise.framework */ = {isa = PBXFileReference; explicitFileType = wrapper.framework; includeInIndex = 0; path = Pods_GM_Exercise.framework; sourceTree = BUILT_PRODUCTS_DIR; };
		5F2890AB0DDF6601127929CE /* Pods_GM_ExerciseTests.framework */ = {isa = PBXFileReference; explicitFileType = wrapper.framework; includeInIndex = 0; path = Pods_GM_ExerciseTests.framework; sourceTree = BUILT_PRODUCTS_DIR; };
		A6A6423BBBDD92BB1336BD1C /* Pods-GM Exercise-GM ExerciseUITests.debug.xcconfig */ = {isa = PBXFileReference; includeInIndex = 1; lastKnownFileType = text.xcconfig; name = "Pods-GM Exercise-GM ExerciseUITests.debug.xcconfig"; path = "Target Support Files/Pods-GM Exercise-GM ExerciseUITests/Pods-GM Exercise-GM ExerciseUITests.debug.xcconfig"; sourceTree = "<group>"; };
		B1FFC87925A1417D00CA6E4D /* GM Exercise.app */ = {isa = PBXFileReference; explicitFileType = wrapper.application; includeInIndex = 0; path = "GM Exercise.app"; sourceTree = BUILT_PRODUCTS_DIR; };
		B1FFC87C25A1417D00CA6E4D /* AppDelegate.swift */ = {isa = PBXFileReference; lastKnownFileType = sourcecode.swift; path = AppDelegate.swift; sourceTree = "<group>"; };
		B1FFC87E25A1417D00CA6E4D /* SceneDelegate.swift */ = {isa = PBXFileReference; lastKnownFileType = sourcecode.swift; path = SceneDelegate.swift; sourceTree = "<group>"; };
		B1FFC88025A1417D00CA6E4D /* ViewController.swift */ = {isa = PBXFileReference; lastKnownFileType = sourcecode.swift; path = ViewController.swift; sourceTree = "<group>"; };
		B1FFC88325A1417D00CA6E4D /* Base */ = {isa = PBXFileReference; lastKnownFileType = file.storyboard; name = Base; path = Base.lproj/Main.storyboard; sourceTree = "<group>"; };
		B1FFC88525A1417F00CA6E4D /* Assets.xcassets */ = {isa = PBXFileReference; lastKnownFileType = folder.assetcatalog; path = Assets.xcassets; sourceTree = "<group>"; };
		B1FFC88825A1417F00CA6E4D /* Base */ = {isa = PBXFileReference; lastKnownFileType = file.storyboard; name = Base; path = Base.lproj/LaunchScreen.storyboard; sourceTree = "<group>"; };
		B1FFC88A25A1417F00CA6E4D /* Info.plist */ = {isa = PBXFileReference; lastKnownFileType = text.plist.xml; path = Info.plist; sourceTree = "<group>"; };
		B1FFC88F25A1418000CA6E4D /* GM ExerciseTests.xctest */ = {isa = PBXFileReference; explicitFileType = wrapper.cfbundle; includeInIndex = 0; path = "GM ExerciseTests.xctest"; sourceTree = BUILT_PRODUCTS_DIR; };
		B1FFC89325A1418000CA6E4D /* GM_ExerciseTests.swift */ = {isa = PBXFileReference; lastKnownFileType = sourcecode.swift; path = GM_ExerciseTests.swift; sourceTree = "<group>"; };
		B1FFC89525A1418000CA6E4D /* Info.plist */ = {isa = PBXFileReference; lastKnownFileType = text.plist.xml; path = Info.plist; sourceTree = "<group>"; };
		B1FFC89A25A1418000CA6E4D /* GM ExerciseUITests.xctest */ = {isa = PBXFileReference; explicitFileType = wrapper.cfbundle; includeInIndex = 0; path = "GM ExerciseUITests.xctest"; sourceTree = BUILT_PRODUCTS_DIR; };
		B1FFC89E25A1418000CA6E4D /* GM_ExerciseUITests.swift */ = {isa = PBXFileReference; lastKnownFileType = sourcecode.swift; path = GM_ExerciseUITests.swift; sourceTree = "<group>"; };
		B1FFC8A025A1418000CA6E4D /* Info.plist */ = {isa = PBXFileReference; lastKnownFileType = text.plist.xml; path = Info.plist; sourceTree = "<group>"; };
		B1FFC8B225A15A9100CA6E4D /* CommitCell.swift */ = {isa = PBXFileReference; lastKnownFileType = sourcecode.swift; path = CommitCell.swift; sourceTree = "<group>"; };
		B59F292C902BE9E2CD764EA4 /* Pods-GM Exercise.debug.xcconfig */ = {isa = PBXFileReference; includeInIndex = 1; lastKnownFileType = text.xcconfig; name = "Pods-GM Exercise.debug.xcconfig"; path = "Target Support Files/Pods-GM Exercise/Pods-GM Exercise.debug.xcconfig"; sourceTree = "<group>"; };
		E2C6E0D5423CE6429BC17FF3 /* Pods-GM ExerciseTests.release.xcconfig */ = {isa = PBXFileReference; includeInIndex = 1; lastKnownFileType = text.xcconfig; name = "Pods-GM ExerciseTests.release.xcconfig"; path = "Target Support Files/Pods-GM ExerciseTests/Pods-GM ExerciseTests.release.xcconfig"; sourceTree = "<group>"; };
		E3573052B099F9BE632EAA17 /* Pods-GM Exercise-GM ExerciseUITests.release.xcconfig */ = {isa = PBXFileReference; includeInIndex = 1; lastKnownFileType = text.xcconfig; name = "Pods-GM Exercise-GM ExerciseUITests.release.xcconfig"; path = "Target Support Files/Pods-GM Exercise-GM ExerciseUITests/Pods-GM Exercise-GM ExerciseUITests.release.xcconfig"; sourceTree = "<group>"; };
		EA86691BBE6474845DA7EAC2 /* Pods-GM Exercise.release.xcconfig */ = {isa = PBXFileReference; includeInIndex = 1; lastKnownFileType = text.xcconfig; name = "Pods-GM Exercise.release.xcconfig"; path = "Target Support Files/Pods-GM Exercise/Pods-GM Exercise.release.xcconfig"; sourceTree = "<group>"; };
/* End PBXFileReference section */

/* Begin PBXFrameworksBuildPhase section */
		B1FFC87625A1417D00CA6E4D /* Frameworks */ = {
			isa = PBXFrameworksBuildPhase;
			buildActionMask = 2147483647;
			files = (
				E788540E619C96EEDD495B9C /* Pods_GM_Exercise.framework in Frameworks */,
			);
			runOnlyForDeploymentPostprocessing = 0;
		};
		B1FFC88C25A1418000CA6E4D /* Frameworks */ = {
			isa = PBXFrameworksBuildPhase;
			buildActionMask = 2147483647;
			files = (
				66F91CC313104A88B853F15F /* Pods_GM_ExerciseTests.framework in Frameworks */,
			);
			runOnlyForDeploymentPostprocessing = 0;
		};
		B1FFC89725A1418000CA6E4D /* Frameworks */ = {
			isa = PBXFrameworksBuildPhase;
			buildActionMask = 2147483647;
			files = (
				DE3BE0200BBF6FC279FD04FF /* Pods_GM_Exercise_GM_ExerciseUITests.framework in Frameworks */,
			);
			runOnlyForDeploymentPostprocessing = 0;
		};
/* End PBXFrameworksBuildPhase section */

/* Begin PBXGroup section */
		086C4F7FBF15DD40149896E4 /* Frameworks */ = {
			isa = PBXGroup;
			children = (
				22A42EB5B32D93BF0AE316DC /* Pods_GM_Exercise.framework */,
				1A80C2EA941FB56490E86FBE /* Pods_GM_Exercise_GM_ExerciseUITests.framework */,
				5F2890AB0DDF6601127929CE /* Pods_GM_ExerciseTests.framework */,
			);
			name = Frameworks;
			sourceTree = "<group>";
		};
		B1FFC87025A1417D00CA6E4D = {
			isa = PBXGroup;
			children = (
				B1FFC87B25A1417D00CA6E4D /* GM Exercise */,
				B1FFC89225A1418000CA6E4D /* GM ExerciseTests */,
				B1FFC89D25A1418000CA6E4D /* GM ExerciseUITests */,
				B1FFC87A25A1417D00CA6E4D /* Products */,
				DBED3CC5F14F47324A8BA334 /* Pods */,
				086C4F7FBF15DD40149896E4 /* Frameworks */,
			);
			sourceTree = "<group>";
		};
		B1FFC87A25A1417D00CA6E4D /* Products */ = {
			isa = PBXGroup;
			children = (
				B1FFC87925A1417D00CA6E4D /* GM Exercise.app */,
				B1FFC88F25A1418000CA6E4D /* GM ExerciseTests.xctest */,
				B1FFC89A25A1418000CA6E4D /* GM ExerciseUITests.xctest */,
			);
			name = Products;
			sourceTree = "<group>";
		};
		B1FFC87B25A1417D00CA6E4D /* GM Exercise */ = {
			isa = PBXGroup;
			children = (
				B1FFC87C25A1417D00CA6E4D /* AppDelegate.swift */,
				B1FFC87E25A1417D00CA6E4D /* SceneDelegate.swift */,
				B1FFC88025A1417D00CA6E4D /* ViewController.swift */,
				B1FFC88225A1417D00CA6E4D /* Main.storyboard */,
				B1FFC88525A1417F00CA6E4D /* Assets.xcassets */,
				B1FFC88725A1417F00CA6E4D /* LaunchScreen.storyboard */,
				B1FFC88A25A1417F00CA6E4D /* Info.plist */,
				B1FFC8B225A15A9100CA6E4D /* CommitCell.swift */,
			);
			path = "GM Exercise";
			sourceTree = "<group>";
		};
		B1FFC89225A1418000CA6E4D /* GM ExerciseTests */ = {
			isa = PBXGroup;
			children = (
				B1FFC89325A1418000CA6E4D /* GM_ExerciseTests.swift */,
				B1FFC89525A1418000CA6E4D /* Info.plist */,
			);
			path = "GM ExerciseTests";
			sourceTree = "<group>";
		};
		B1FFC89D25A1418000CA6E4D /* GM ExerciseUITests */ = {
			isa = PBXGroup;
			children = (
				B1FFC89E25A1418000CA6E4D /* GM_ExerciseUITests.swift */,
				B1FFC8A025A1418000CA6E4D /* Info.plist */,
			);
			path = "GM ExerciseUITests";
			sourceTree = "<group>";
		};
		DBED3CC5F14F47324A8BA334 /* Pods */ = {
			isa = PBXGroup;
			children = (
				B59F292C902BE9E2CD764EA4 /* Pods-GM Exercise.debug.xcconfig */,
				EA86691BBE6474845DA7EAC2 /* Pods-GM Exercise.release.xcconfig */,
				A6A6423BBBDD92BB1336BD1C /* Pods-GM Exercise-GM ExerciseUITests.debug.xcconfig */,
				E3573052B099F9BE632EAA17 /* Pods-GM Exercise-GM ExerciseUITests.release.xcconfig */,
				0655D77C6826E4B682478E10 /* Pods-GM ExerciseTests.debug.xcconfig */,
				E2C6E0D5423CE6429BC17FF3 /* Pods-GM ExerciseTests.release.xcconfig */,
			);
			name = Pods;
			path = Pods;
			sourceTree = "<group>";
		};
/* End PBXGroup section */

/* Begin PBXNativeTarget section */
		B1FFC87825A1417D00CA6E4D /* GM Exercise */ = {
			isa = PBXNativeTarget;
			buildConfigurationList = B1FFC8A325A1418000CA6E4D /* Build configuration list for PBXNativeTarget "GM Exercise" */;
			buildPhases = (
				41626628EFA0653D98032D67 /* [CP] Check Pods Manifest.lock */,
				B1FFC87525A1417D00CA6E4D /* Sources */,
				B1FFC87625A1417D00CA6E4D /* Frameworks */,
				B1FFC87725A1417D00CA6E4D /* Resources */,
				5EB86EADC1DCBA6C9F64EE72 /* [CP] Embed Pods Frameworks */,
			);
			buildRules = (
			);
			dependencies = (
			);
			name = "GM Exercise";
			productName = "GM Exercise";
			productReference = B1FFC87925A1417D00CA6E4D /* GM Exercise.app */;
			productType = "com.apple.product-type.application";
		};
		B1FFC88E25A1418000CA6E4D /* GM ExerciseTests */ = {
			isa = PBXNativeTarget;
			buildConfigurationList = B1FFC8A625A1418000CA6E4D /* Build configuration list for PBXNativeTarget "GM ExerciseTests" */;
			buildPhases = (
				7EC11891CDA2FC6AA61E19DC /* [CP] Check Pods Manifest.lock */,
				B1FFC88B25A1418000CA6E4D /* Sources */,
				B1FFC88C25A1418000CA6E4D /* Frameworks */,
				B1FFC88D25A1418000CA6E4D /* Resources */,
			);
			buildRules = (
			);
			dependencies = (
				B1FFC89125A1418000CA6E4D /* PBXTargetDependency */,
			);
			name = "GM ExerciseTests";
			productName = "GM ExerciseTests";
			productReference = B1FFC88F25A1418000CA6E4D /* GM ExerciseTests.xctest */;
			productType = "com.apple.product-type.bundle.unit-test";
		};
		B1FFC89925A1418000CA6E4D /* GM ExerciseUITests */ = {
			isa = PBXNativeTarget;
			buildConfigurationList = B1FFC8A925A1418000CA6E4D /* Build configuration list for PBXNativeTarget "GM ExerciseUITests" */;
			buildPhases = (
				9D481724E03C11378F1EC1E7 /* [CP] Check Pods Manifest.lock */,
				B1FFC89625A1418000CA6E4D /* Sources */,
				B1FFC89725A1418000CA6E4D /* Frameworks */,
				B1FFC89825A1418000CA6E4D /* Resources */,
				98B33A4613289728DFC3055C /* [CP] Embed Pods Frameworks */,
			);
			buildRules = (
			);
			dependencies = (
				B1FFC89C25A1418000CA6E4D /* PBXTargetDependency */,
			);
			name = "GM ExerciseUITests";
			productName = "GM ExerciseUITests";
			productReference = B1FFC89A25A1418000CA6E4D /* GM ExerciseUITests.xctest */;
			productType = "com.apple.product-type.bundle.ui-testing";
		};
/* End PBXNativeTarget section */

/* Begin PBXProject section */
		B1FFC87125A1417D00CA6E4D /* Project object */ = {
			isa = PBXProject;
			attributes = {
				LastSwiftUpdateCheck = 1230;
				LastUpgradeCheck = 1230;
				TargetAttributes = {
					B1FFC87825A1417D00CA6E4D = {
						CreatedOnToolsVersion = 12.3;
					};
					B1FFC88E25A1418000CA6E4D = {
						CreatedOnToolsVersion = 12.3;
						TestTargetID = B1FFC87825A1417D00CA6E4D;
					};
					B1FFC89925A1418000CA6E4D = {
						CreatedOnToolsVersion = 12.3;
						TestTargetID = B1FFC87825A1417D00CA6E4D;
					};
				};
			};
			buildConfigurationList = B1FFC87425A1417D00CA6E4D /* Build configuration list for PBXProject "GM Exercise" */;
			compatibilityVersion = "Xcode 9.3";
			developmentRegion = en;
			hasScannedForEncodings = 0;
			knownRegions = (
				en,
				Base,
			);
			mainGroup = B1FFC87025A1417D00CA6E4D;
			productRefGroup = B1FFC87A25A1417D00CA6E4D /* Products */;
			projectDirPath = "";
			projectRoot = "";
			targets = (
				B1FFC87825A1417D00CA6E4D /* GM Exercise */,
				B1FFC88E25A1418000CA6E4D /* GM ExerciseTests */,
				B1FFC89925A1418000CA6E4D /* GM ExerciseUITests */,
			);
		};
/* End PBXProject section */

/* Begin PBXResourcesBuildPhase section */
		B1FFC87725A1417D00CA6E4D /* Resources */ = {
			isa = PBXResourcesBuildPhase;
			buildActionMask = 2147483647;
			files = (
				B1FFC88925A1417F00CA6E4D /* LaunchScreen.storyboard in Resources */,
				B1FFC88625A1417F00CA6E4D /* Assets.xcassets in Resources */,
				B1FFC88425A1417D00CA6E4D /* Main.storyboard in Resources */,
			);
			runOnlyForDeploymentPostprocessing = 0;
		};
		B1FFC88D25A1418000CA6E4D /* Resources */ = {
			isa = PBXResourcesBuildPhase;
			buildActionMask = 2147483647;
			files = (
			);
			runOnlyForDeploymentPostprocessing = 0;
		};
		B1FFC89825A1418000CA6E4D /* Resources */ = {
			isa = PBXResourcesBuildPhase;
			buildActionMask = 2147483647;
			files = (
			);
			runOnlyForDeploymentPostprocessing = 0;
		};
/* End PBXResourcesBuildPhase section */

/* Begin PBXShellScriptBuildPhase section */
		41626628EFA0653D98032D67 /* [CP] Check Pods Manifest.lock */ = {
			isa = PBXShellScriptBuildPhase;
			buildActionMask = 2147483647;
			files = (
			);
			inputFileListPaths = (
			);
			inputPaths = (
				"${PODS_PODFILE_DIR_PATH}/Podfile.lock",
				"${PODS_ROOT}/Manifest.lock",
			);
			name = "[CP] Check Pods Manifest.lock";
			outputFileListPaths = (
			);
			outputPaths = (
				"$(DERIVED_FILE_DIR)/Pods-GM Exercise-checkManifestLockResult.txt",
			);
			runOnlyForDeploymentPostprocessing = 0;
			shellPath = /bin/sh;
			shellScript = "diff \"${PODS_PODFILE_DIR_PATH}/Podfile.lock\" \"${PODS_ROOT}/Manifest.lock\" > /dev/null\nif [ $? != 0 ] ; then\n    # print error to STDERR\n    echo \"error: The sandbox is not in sync with the Podfile.lock. Run 'pod install' or update your CocoaPods installation.\" >&2\n    exit 1\nfi\n# This output is used by Xcode 'outputs' to avoid re-running this script phase.\necho \"SUCCESS\" > \"${SCRIPT_OUTPUT_FILE_0}\"\n";
			showEnvVarsInLog = 0;
		};
		5EB86EADC1DCBA6C9F64EE72 /* [CP] Embed Pods Frameworks */ = {
			isa = PBXShellScriptBuildPhase;
			buildActionMask = 2147483647;
			files = (
			);
			inputFileListPaths = (
				"${PODS_ROOT}/Target Support Files/Pods-GM Exercise/Pods-GM Exercise-frameworks-${CONFIGURATION}-input-files.xcfilelist",
			);
			name = "[CP] Embed Pods Frameworks";
			outputFileListPaths = (
				"${PODS_ROOT}/Target Support Files/Pods-GM Exercise/Pods-GM Exercise-frameworks-${CONFIGURATION}-output-files.xcfilelist",
			);
			runOnlyForDeploymentPostprocessing = 0;
			shellPath = /bin/sh;
			shellScript = "\"${PODS_ROOT}/Target Support Files/Pods-GM Exercise/Pods-GM Exercise-frameworks.sh\"\n";
			showEnvVarsInLog = 0;
		};
		7EC11891CDA2FC6AA61E19DC /* [CP] Check Pods Manifest.lock */ = {
			isa = PBXShellScriptBuildPhase;
			buildActionMask = 2147483647;
			files = (
			);
			inputFileListPaths = (
			);
			inputPaths = (
				"${PODS_PODFILE_DIR_PATH}/Podfile.lock",
				"${PODS_ROOT}/Manifest.lock",
			);
			name = "[CP] Check Pods Manifest.lock";
			outputFileListPaths = (
			);
			outputPaths = (
				"$(DERIVED_FILE_DIR)/Pods-GM ExerciseTests-checkManifestLockResult.txt",
			);
			runOnlyForDeploymentPostprocessing = 0;
			shellPath = /bin/sh;
			shellScript = "diff \"${PODS_PODFILE_DIR_PATH}/Podfile.lock\" \"${PODS_ROOT}/Manifest.lock\" > /dev/null\nif [ $? != 0 ] ; then\n    # print error to STDERR\n    echo \"error: The sandbox is not in sync with the Podfile.lock. Run 'pod install' or update your CocoaPods installation.\" >&2\n    exit 1\nfi\n# This output is used by Xcode 'outputs' to avoid re-running this script phase.\necho \"SUCCESS\" > \"${SCRIPT_OUTPUT_FILE_0}\"\n";
			showEnvVarsInLog = 0;
		};
		98B33A4613289728DFC3055C /* [CP] Embed Pods Frameworks */ = {
			isa = PBXShellScriptBuildPhase;
			buildActionMask = 2147483647;
			files = (
			);
			inputFileListPaths = (
				"${PODS_ROOT}/Target Support Files/Pods-GM Exercise-GM ExerciseUITests/Pods-GM Exercise-GM ExerciseUITests-frameworks-${CONFIGURATION}-input-files.xcfilelist",
			);
			name = "[CP] Embed Pods Frameworks";
			outputFileListPaths = (
				"${PODS_ROOT}/Target Support Files/Pods-GM Exercise-GM ExerciseUITests/Pods-GM Exercise-GM ExerciseUITests-frameworks-${CONFIGURATION}-output-files.xcfilelist",
			);
			runOnlyForDeploymentPostprocessing = 0;
			shellPath = /bin/sh;
			shellScript = "\"${PODS_ROOT}/Target Support Files/Pods-GM Exercise-GM ExerciseUITests/Pods-GM Exercise-GM ExerciseUITests-frameworks.sh\"\n";
			showEnvVarsInLog = 0;
		};
		9D481724E03C11378F1EC1E7 /* [CP] Check Pods Manifest.lock */ = {
			isa = PBXShellScriptBuildPhase;
			buildActionMask = 2147483647;
			files = (
			);
			inputFileListPaths = (
			);
			inputPaths = (
				"${PODS_PODFILE_DIR_PATH}/Podfile.lock",
				"${PODS_ROOT}/Manifest.lock",
			);
			name = "[CP] Check Pods Manifest.lock";
			outputFileListPaths = (
			);
			outputPaths = (
				"$(DERIVED_FILE_DIR)/Pods-GM Exercise-GM ExerciseUITests-checkManifestLockResult.txt",
			);
			runOnlyForDeploymentPostprocessing = 0;
			shellPath = /bin/sh;
			shellScript = "diff \"${PODS_PODFILE_DIR_PATH}/Podfile.lock\" \"${PODS_ROOT}/Manifest.lock\" > /dev/null\nif [ $? != 0 ] ; then\n    # print error to STDERR\n    echo \"error: The sandbox is not in sync with the Podfile.lock. Run 'pod install' or update your CocoaPods installation.\" >&2\n    exit 1\nfi\n# This output is used by Xcode 'outputs' to avoid re-running this script phase.\necho \"SUCCESS\" > \"${SCRIPT_OUTPUT_FILE_0}\"\n";
			showEnvVarsInLog = 0;
		};
/* End PBXShellScriptBuildPhase section */

/* Begin PBXSourcesBuildPhase section */
		B1FFC87525A1417D00CA6E4D /* Sources */ = {
			isa = PBXSourcesBuildPhase;
			buildActionMask = 2147483647;
			files = (
				B1FFC8B325A15A9100CA6E4D /* CommitCell.swift in Sources */,
				B1FFC88125A1417D00CA6E4D /* ViewController.swift in Sources */,
				B1FFC87D25A1417D00CA6E4D /* AppDelegate.swift in Sources */,
				B1FFC87F25A1417D00CA6E4D /* SceneDelegate.swift in Sources */,
			);
			runOnlyForDeploymentPostprocessing = 0;
		};
		B1FFC88B25A1418000CA6E4D /* Sources */ = {
			isa = PBXSourcesBuildPhase;
			buildActionMask = 2147483647;
			files = (
				B1FFC89425A1418000CA6E4D /* GM_ExerciseTests.swift in Sources */,
			);
			runOnlyForDeploymentPostprocessing = 0;
		};
		B1FFC89625A1418000CA6E4D /* Sources */ = {
			isa = PBXSourcesBuildPhase;
			buildActionMask = 2147483647;
			files = (
				B1FFC89F25A1418000CA6E4D /* GM_ExerciseUITests.swift in Sources */,
			);
			runOnlyForDeploymentPostprocessing = 0;
		};
/* End PBXSourcesBuildPhase section */

/* Begin PBXTargetDependency section */
		B1FFC89125A1418000CA6E4D /* PBXTargetDependency */ = {
			isa = PBXTargetDependency;
			target = B1FFC87825A1417D00CA6E4D /* GM Exercise */;
			targetProxy = B1FFC89025A1418000CA6E4D /* PBXContainerItemProxy */;
		};
		B1FFC89C25A1418000CA6E4D /* PBXTargetDependency */ = {
			isa = PBXTargetDependency;
			target = B1FFC87825A1417D00CA6E4D /* GM Exercise */;
			targetProxy = B1FFC89B25A1418000CA6E4D /* PBXContainerItemProxy */;
		};
/* End PBXTargetDependency section */

/* Begin PBXVariantGroup section */
		B1FFC88225A1417D00CA6E4D /* Main.storyboard */ = {
			isa = PBXVariantGroup;
			children = (
				B1FFC88325A1417D00CA6E4D /* Base */,
			);
			name = Main.storyboard;
			sourceTree = "<group>";
		};
		B1FFC88725A1417F00CA6E4D /* LaunchScreen.storyboard */ = {
			isa = PBXVariantGroup;
			children = (
				B1FFC88825A1417F00CA6E4D /* Base */,
			);
			name = LaunchScreen.storyboard;
			sourceTree = "<group>";
		};
/* End PBXVariantGroup section */

/* Begin XCBuildConfiguration section */
		B1FFC8A125A1418000CA6E4D /* Debug */ = {
			isa = XCBuildConfiguration;
			buildSettings = {
				ALWAYS_SEARCH_USER_PATHS = NO;
				CLANG_ANALYZER_NONNULL = YES;
				CLANG_ANALYZER_NUMBER_OBJECT_CONVERSION = YES_AGGRESSIVE;
				CLANG_CXX_LANGUAGE_STANDARD = "gnu++14";
				CLANG_CXX_LIBRARY = "libc++";
				CLANG_ENABLE_MODULES = YES;
				CLANG_ENABLE_OBJC_ARC = YES;
				CLANG_ENABLE_OBJC_WEAK = YES;
				CLANG_WARN_BLOCK_CAPTURE_AUTORELEASING = YES;
				CLANG_WARN_BOOL_CONVERSION = YES;
				CLANG_WARN_COMMA = YES;
				CLANG_WARN_CONSTANT_CONVERSION = YES;
				CLANG_WARN_DEPRECATED_OBJC_IMPLEMENTATIONS = YES;
				CLANG_WARN_DIRECT_OBJC_ISA_USAGE = YES_ERROR;
				CLANG_WARN_DOCUMENTATION_COMMENTS = YES;
				CLANG_WARN_EMPTY_BODY = YES;
				CLANG_WARN_ENUM_CONVERSION = YES;
				CLANG_WARN_INFINITE_RECURSION = YES;
				CLANG_WARN_INT_CONVERSION = YES;
				CLANG_WARN_NON_LITERAL_NULL_CONVERSION = YES;
				CLANG_WARN_OBJC_IMPLICIT_RETAIN_SELF = YES;
				CLANG_WARN_OBJC_LITERAL_CONVERSION = YES;
				CLANG_WARN_OBJC_ROOT_CLASS = YES_ERROR;
				CLANG_WARN_QUOTED_INCLUDE_IN_FRAMEWORK_HEADER = YES;
				CLANG_WARN_RANGE_LOOP_ANALYSIS = YES;
				CLANG_WARN_STRICT_PROTOTYPES = YES;
				CLANG_WARN_SUSPICIOUS_MOVE = YES;
				CLANG_WARN_UNGUARDED_AVAILABILITY = YES_AGGRESSIVE;
				CLANG_WARN_UNREACHABLE_CODE = YES;
				CLANG_WARN__DUPLICATE_METHOD_MATCH = YES;
				COPY_PHASE_STRIP = NO;
				DEBUG_INFORMATION_FORMAT = dwarf;
				ENABLE_STRICT_OBJC_MSGSEND = YES;
				ENABLE_TESTABILITY = YES;
				GCC_C_LANGUAGE_STANDARD = gnu11;
				GCC_DYNAMIC_NO_PIC = NO;
				GCC_NO_COMMON_BLOCKS = YES;
				GCC_OPTIMIZATION_LEVEL = 0;
				GCC_PREPROCESSOR_DEFINITIONS = (
					"DEBUG=1",
					"$(inherited)",
				);
				GCC_WARN_64_TO_32_BIT_CONVERSION = YES;
				GCC_WARN_ABOUT_RETURN_TYPE = YES_ERROR;
				GCC_WARN_UNDECLARED_SELECTOR = YES;
				GCC_WARN_UNINITIALIZED_AUTOS = YES_AGGRESSIVE;
				GCC_WARN_UNUSED_FUNCTION = YES;
				GCC_WARN_UNUSED_VARIABLE = YES;
				IPHONEOS_DEPLOYMENT_TARGET = 14.3;
				MTL_ENABLE_DEBUG_INFO = INCLUDE_SOURCE;
				MTL_FAST_MATH = YES;
				ONLY_ACTIVE_ARCH = YES;
				SDKROOT = iphoneos;
				SWIFT_ACTIVE_COMPILATION_CONDITIONS = DEBUG;
				SWIFT_OPTIMIZATION_LEVEL = "-Onone";
			};
			name = Debug;
		};
		B1FFC8A225A1418000CA6E4D /* Release */ = {
			isa = XCBuildConfiguration;
			buildSettings = {
				ALWAYS_SEARCH_USER_PATHS = NO;
				CLANG_ANALYZER_NONNULL = YES;
				CLANG_ANALYZER_NUMBER_OBJECT_CONVERSION = YES_AGGRESSIVE;
				CLANG_CXX_LANGUAGE_STANDARD = "gnu++14";
				CLANG_CXX_LIBRARY = "libc++";
				CLANG_ENABLE_MODULES = YES;
				CLANG_ENABLE_OBJC_ARC = YES;
				CLANG_ENABLE_OBJC_WEAK = YES;
				CLANG_WARN_BLOCK_CAPTURE_AUTORELEASING = YES;
				CLANG_WARN_BOOL_CONVERSION = YES;
				CLANG_WARN_COMMA = YES;
				CLANG_WARN_CONSTANT_CONVERSION = YES;
				CLANG_WARN_DEPRECATED_OBJC_IMPLEMENTATIONS = YES;
				CLANG_WARN_DIRECT_OBJC_ISA_USAGE = YES_ERROR;
				CLANG_WARN_DOCUMENTATION_COMMENTS = YES;
				CLANG_WARN_EMPTY_BODY = YES;
				CLANG_WARN_ENUM_CONVERSION = YES;
				CLANG_WARN_INFINITE_RECURSION = YES;
				CLANG_WARN_INT_CONVERSION = YES;
				CLANG_WARN_NON_LITERAL_NULL_CONVERSION = YES;
				CLANG_WARN_OBJC_IMPLICIT_RETAIN_SELF = YES;
				CLANG_WARN_OBJC_LITERAL_CONVERSION = YES;
				CLANG_WARN_OBJC_ROOT_CLASS = YES_ERROR;
				CLANG_WARN_QUOTED_INCLUDE_IN_FRAMEWORK_HEADER = YES;
				CLANG_WARN_RANGE_LOOP_ANALYSIS = YES;
				CLANG_WARN_STRICT_PROTOTYPES = YES;
				CLANG_WARN_SUSPICIOUS_MOVE = YES;
				CLANG_WARN_UNGUARDED_AVAILABILITY = YES_AGGRESSIVE;
				CLANG_WARN_UNREACHABLE_CODE = YES;
				CLANG_WARN__DUPLICATE_METHOD_MATCH = YES;
				COPY_PHASE_STRIP = NO;
				DEBUG_INFORMATION_FORMAT = "dwarf-with-dsym";
				ENABLE_NS_ASSERTIONS = NO;
				ENABLE_STRICT_OBJC_MSGSEND = YES;
				GCC_C_LANGUAGE_STANDARD = gnu11;
				GCC_NO_COMMON_BLOCKS = YES;
				GCC_WARN_64_TO_32_BIT_CONVERSION = YES;
				GCC_WARN_ABOUT_RETURN_TYPE = YES_ERROR;
				GCC_WARN_UNDECLARED_SELECTOR = YES;
				GCC_WARN_UNINITIALIZED_AUTOS = YES_AGGRESSIVE;
				GCC_WARN_UNUSED_FUNCTION = YES;
				GCC_WARN_UNUSED_VARIABLE = YES;
				IPHONEOS_DEPLOYMENT_TARGET = 14.3;
				MTL_ENABLE_DEBUG_INFO = NO;
				MTL_FAST_MATH = YES;
				SDKROOT = iphoneos;
				SWIFT_COMPILATION_MODE = wholemodule;
				SWIFT_OPTIMIZATION_LEVEL = "-O";
				VALIDATE_PRODUCT = YES;
			};
			name = Release;
		};
		B1FFC8A425A1418000CA6E4D /* Debug */ = {
			isa = XCBuildConfiguration;
			baseConfigurationReference = B59F292C902BE9E2CD764EA4 /* Pods-GM Exercise.debug.xcconfig */;
			buildSettings = {
				ASSETCATALOG_COMPILER_APPICON_NAME = AppIcon;
				ASSETCATALOG_COMPILER_GLOBAL_ACCENT_COLOR_NAME = AccentColor;
				CODE_SIGN_STYLE = Automatic;
				INFOPLIST_FILE = "GM Exercise/Info.plist";
				LD_RUNPATH_SEARCH_PATHS = (
					"$(inherited)",
					"@executable_path/Frameworks",
				);
				PRODUCT_BUNDLE_IDENTIFIER = "com.dhruval.GM-Exercise";
				PRODUCT_NAME = "$(TARGET_NAME)";
				SWIFT_VERSION = 5.0;
				TARGETED_DEVICE_FAMILY = "1,2";
			};
			name = Debug;
		};
		B1FFC8A525A1418000CA6E4D /* Release */ = {
			isa = XCBuildConfiguration;
			baseConfigurationReference = EA86691BBE6474845DA7EAC2 /* Pods-GM Exercise.release.xcconfig */;
			buildSettings = {
				ASSETCATALOG_COMPILER_APPICON_NAME = AppIcon;
				ASSETCATALOG_COMPILER_GLOBAL_ACCENT_COLOR_NAME = AccentColor;
				CODE_SIGN_STYLE = Automatic;
				INFOPLIST_FILE = "GM Exercise/Info.plist";
				LD_RUNPATH_SEARCH_PATHS = (
					"$(inherited)",
					"@executable_path/Frameworks",
				);
				PRODUCT_BUNDLE_IDENTIFIER = "com.dhruval.GM-Exercise";
				PRODUCT_NAME = "$(TARGET_NAME)";
				SWIFT_VERSION = 5.0;
				TARGETED_DEVICE_FAMILY = "1,2";
			};
			name = Release;
		};
		B1FFC8A725A1418000CA6E4D /* Debug */ = {
			isa = XCBuildConfiguration;
			baseConfigurationReference = 0655D77C6826E4B682478E10 /* Pods-GM ExerciseTests.debug.xcconfig */;
			buildSettings = {
				ALWAYS_EMBED_SWIFT_STANDARD_LIBRARIES = YES;
				BUNDLE_LOADER = "$(TEST_HOST)";
				CODE_SIGN_STYLE = Automatic;
				INFOPLIST_FILE = "GM ExerciseTests/Info.plist";
				IPHONEOS_DEPLOYMENT_TARGET = 14.3;
				LD_RUNPATH_SEARCH_PATHS = (
					"$(inherited)",
					"@executable_path/Frameworks",
					"@loader_path/Frameworks",
				);
				PRODUCT_BUNDLE_IDENTIFIER = "com.dhruval.GM-ExerciseTests";
				PRODUCT_NAME = "$(TARGET_NAME)";
				SWIFT_VERSION = 5.0;
				TARGETED_DEVICE_FAMILY = "1,2";
				TEST_HOST = "$(BUILT_PRODUCTS_DIR)/GM Exercise.app/GM Exercise";
			};
			name = Debug;
		};
		B1FFC8A825A1418000CA6E4D /* Release */ = {
			isa = XCBuildConfiguration;
			baseConfigurationReference = E2C6E0D5423CE6429BC17FF3 /* Pods-GM ExerciseTests.release.xcconfig */;
			buildSettings = {
				ALWAYS_EMBED_SWIFT_STANDARD_LIBRARIES = YES;
				BUNDLE_LOADER = "$(TEST_HOST)";
				CODE_SIGN_STYLE = Automatic;
				INFOPLIST_FILE = "GM ExerciseTests/Info.plist";
				IPHONEOS_DEPLOYMENT_TARGET = 14.3;
				LD_RUNPATH_SEARCH_PATHS = (
					"$(inherited)",
					"@executable_path/Frameworks",
					"@loader_path/Frameworks",
				);
				PRODUCT_BUNDLE_IDENTIFIER = "com.dhruval.GM-ExerciseTests";
				PRODUCT_NAME = "$(TARGET_NAME)";
				SWIFT_VERSION = 5.0;
				TARGETED_DEVICE_FAMILY = "1,2";
				TEST_HOST = "$(BUILT_PRODUCTS_DIR)/GM Exercise.app/GM Exercise";
			};
			name = Release;
		};
		B1FFC8AA25A1418000CA6E4D /* Debug */ = {
			isa = XCBuildConfiguration;
			baseConfigurationReference = A6A6423BBBDD92BB1336BD1C /* Pods-GM Exercise-GM ExerciseUITests.debug.xcconfig */;
			buildSettings = {
				ALWAYS_EMBED_SWIFT_STANDARD_LIBRARIES = YES;
				CODE_SIGN_STYLE = Automatic;
				INFOPLIST_FILE = "GM ExerciseUITests/Info.plist";
				LD_RUNPATH_SEARCH_PATHS = (
					"$(inherited)",
					"@executable_path/Frameworks",
					"@loader_path/Frameworks",
				);
				PRODUCT_BUNDLE_IDENTIFIER = "com.dhruval.GM-ExerciseUITests";
				PRODUCT_NAME = "$(TARGET_NAME)";
				SWIFT_VERSION = 5.0;
				TARGETED_DEVICE_FAMILY = "1,2";
				TEST_TARGET_NAME = "GM Exercise";
			};
			name = Debug;
		};
		B1FFC8AB25A1418000CA6E4D /* Release */ = {
			isa = XCBuildConfiguration;
			baseConfigurationReference = E3573052B099F9BE632EAA17 /* Pods-GM Exercise-GM ExerciseUITests.release.xcconfig */;
			buildSettings = {
				ALWAYS_EMBED_SWIFT_STANDARD_LIBRARIES = YES;
				CODE_SIGN_STYLE = Automatic;
				INFOPLIST_FILE = "GM ExerciseUITests/Info.plist";
				LD_RUNPATH_SEARCH_PATHS = (
					"$(inherited)",
					"@executable_path/Frameworks",
					"@loader_path/Frameworks",
				);
				PRODUCT_BUNDLE_IDENTIFIER = "com.dhruval.GM-ExerciseUITests";
				PRODUCT_NAME = "$(TARGET_NAME)";
				SWIFT_VERSION = 5.0;
				TARGETED_DEVICE_FAMILY = "1,2";
				TEST_TARGET_NAME = "GM Exercise";
			};
			name = Release;
		};
/* End XCBuildConfiguration section */

/* Begin XCConfigurationList section */
		B1FFC87425A1417D00CA6E4D /* Build configuration list for PBXProject "GM Exercise" */ = {
			isa = XCConfigurationList;
			buildConfigurations = (
				B1FFC8A125A1418000CA6E4D /* Debug */,
				B1FFC8A225A1418000CA6E4D /* Release */,
			);
			defaultConfigurationIsVisible = 0;
			defaultConfigurationName = Release;
		};
		B1FFC8A325A1418000CA6E4D /* Build configuration list for PBXNativeTarget "GM Exercise" */ = {
			isa = XCConfigurationList;
			buildConfigurations = (
				B1FFC8A425A1418000CA6E4D /* Debug */,
				B1FFC8A525A1418000CA6E4D /* Release */,
			);
			defaultConfigurationIsVisible = 0;
			defaultConfigurationName = Release;
		};
		B1FFC8A625A1418000CA6E4D /* Build configuration list for PBXNativeTarget "GM ExerciseTests" */ = {
			isa = XCConfigurationList;
			buildConfigurations = (
				B1FFC8A725A1418000CA6E4D /* Debug */,
				B1FFC8A825A1418000CA6E4D /* Release */,
			);
			defaultConfigurationIsVisible = 0;
			defaultConfigurationName = Release;
		};
		B1FFC8A925A1418000CA6E4D /* Build configuration list for PBXNativeTarget "GM ExerciseUITests" */ = {
			isa = XCConfigurationList;
			buildConfigurations = (
				B1FFC8AA25A1418000CA6E4D /* Debug */,
				B1FFC8AB25A1418000CA6E4D /* Release */,
			);
			defaultConfigurationIsVisible = 0;
			defaultConfigurationName = Release;
		};
/* End XCConfigurationList section */
	};
	rootObject = B1FFC87125A1417D00CA6E4D /* Project object */;
}
